
Microsoft Visual Studio Solution File, Format Version 12.00
# Visual Studio Version 16
VisualStudioVersion = 16.0.29409.12
MinimumVisualStudioVersion = 10.0.40219.1
Project("{9A19103F-16F7-4668-BE54-9A1E7A4F7556}") = "ParkingZones", "ParkingZones\ParkingZones.csproj", "{33A669CD-158C-46E4-8BBB-871FA1524CAD}"
EndProject
Project("{9A19103F-16F7-4668-BE54-9A1E7A4F7556}") = "Parentheses", "Parentheses\Parentheses.csproj", "{3C901763-0954-4B1D-8259-DE2784A8D90A}"
EndProject
Project("{9A19103F-16F7-4668-BE54-9A1E7A4F7556}") = "Towns", "Towns\Towns.csproj", "{A57DAD3B-B2AE-47EF-92C7-BDE12A297BC0}"
EndProject
Project("{9A19103F-16F7-4668-BE54-9A1E7A4F7556}") = "ShopKeeper", "ShopKeeper\ShopKeeper.csproj", "{D6D8C85B-2697-4466-BA5F-84079CC9C77A}"
EndProject
Project("{9A19103F-16F7-4668-BE54-9A1E7A4F7556}") = "Shelter", "Shelter\Shelter.csproj", "{8762F5C1-EA45-4BCD-B262-ECB79F59D123}"
EndProject
Project("{9A19103F-16F7-4668-BE54-9A1E7A4F7556}") = "FastAndFurious", "FastAndFurious\FastAndFurious.csproj", "{A99ED9E0-4330-446B-9541-FD7B93B8F50B}"
EndProject
Project("{FAE04EC0-301F-11D3-BF4B-00C04F79EFBC}") = "Renewal", "Renewal\Renewal.csproj", "{56309A85-CE00-4578-BE46-7B1914200121}"
EndProject
Global
	GlobalSection(SolutionConfigurationPlatforms) = preSolution
		Debug|Any CPU = Debug|Any CPU
		Release|Any CPU = Release|Any CPU
	EndGlobalSection
	GlobalSection(ProjectConfigurationPlatforms) = postSolution
		{33A669CD-158C-46E4-8BBB-871FA1524CAD}.Debug|Any CPU.ActiveCfg = Debug|Any CPU
		{33A669CD-158C-46E4-8BBB-871FA1524CAD}.Debug|Any CPU.Build.0 = Debug|Any CPU
		{33A669CD-158C-46E4-8BBB-871FA1524CAD}.Release|Any CPU.ActiveCfg = Release|Any CPU
		{33A669CD-158C-46E4-8BBB-871FA1524CAD}.Release|Any CPU.Build.0 = Release|Any CPU
		{3C901763-0954-4B1D-8259-DE2784A8D90A}.Debug|Any CPU.ActiveCfg = Debug|Any CPU
		{3C901763-0954-4B1D-8259-DE2784A8D90A}.Debug|Any CPU.Build.0 = Debug|Any CPU
		{3C901763-0954-4B1D-8259-DE2784A8D90A}.Release|Any CPU.ActiveCfg = Release|Any CPU
		{3C901763-0954-4B1D-8259-DE2784A8D90A}.Release|Any CPU.Build.0 = Release|Any CPU
		{A57DAD3B-B2AE-47EF-92C7-BDE12A297BC0}.Debug|Any CPU.ActiveCfg = Debug|Any CPU
		{A57DAD3B-B2AE-47EF-92C7-BDE12A297BC0}.Debug|Any CPU.Build.0 = Debug|Any CPU
		{A57DAD3B-B2AE-47EF-92C7-BDE12A297BC0}.Release|Any CPU.ActiveCfg = Release|Any CPU
		{A57DAD3B-B2AE-47EF-92C7-BDE12A297BC0}.Release|Any CPU.Build.0 = Release|Any CPU
		{D6D8C85B-2697-4466-BA5F-84079CC9C77A}.Debug|Any CPU.ActiveCfg = Debug|Any CPU
		{D6D8C85B-2697-4466-BA5F-84079CC9C77A}.Debug|Any CPU.Build.0 = Debug|Any CPU
		{D6D8C85B-2697-4466-BA5F-84079CC9C77A}.Release|Any CPU.ActiveCfg = Release|Any CPU
		{D6D8C85B-2697-4466-BA5F-84079CC9C77A}.Release|Any CPU.Build.0 = Release|Any CPU
		{8762F5C1-EA45-4BCD-B262-ECB79F59D123}.Debug|Any CPU.ActiveCfg = Debug|Any CPU
		{8762F5C1-EA45-4BCD-B262-ECB79F59D123}.Debug|Any CPU.Build.0 = Debug|Any CPU
		{8762F5C1-EA45-4BCD-B262-ECB79F59D123}.Release|Any CPU.ActiveCfg = Release|Any CPU
		{8762F5C1-EA45-4BCD-B262-ECB79F59D123}.Release|Any CPU.Build.0 = Release|Any CPU
		{A99ED9E0-4330-446B-9541-FD7B93B8F50B}.Debug|Any CPU.ActiveCfg = Debug|Any CPU
		{A99ED9E0-4330-446B-9541-FD7B93B8F50B}.Debug|Any CPU.Build.0 = Debug|Any CPU
		{A99ED9E0-4330-446B-9541-FD7B93B8F50B}.Release|Any CPU.ActiveCfg = Release|Any CPU
		{A99ED9E0-4330-446B-9541-FD7B93B8F50B}.Release|Any CPU.Build.0 = Release|Any CPU
		{56309A85-CE00-4578-BE46-7B1914200121}.Debug|Any CPU.ActiveCfg = Debug|Any CPU
		{56309A85-CE00-4578-BE46-7B1914200121}.Debug|Any CPU.Build.0 = Debug|Any CPU
		{56309A85-CE00-4578-BE46-7B1914200121}.Release|Any CPU.ActiveCfg = Release|Any CPU
		{56309A85-CE00-4578-BE46-7B1914200121}.Release|Any CPU.Build.0 = Release|Any CPU
	EndGlobalSection
	GlobalSection(SolutionProperties) = preSolution
		HideSolutionNode = FALSE
	EndGlobalSection
	GlobalSection(ExtensibilityGlobals) = postSolution
		SolutionGuid = {983D5303-87CE-4F77-ADC2-9FCED32B2C3D}
	EndGlobalSection
EndGlobal
