
Microsoft Visual Studio Solution File, Format Version 12.00
# Visual Studio Version 16
VisualStudioVersion = 16.0.29409.12
MinimumVisualStudioVersion = 10.0.40219.1
Project("{9A19103F-16F7-4668-BE54-9A1E7A4F7556}") = "IterativePermutationsWithoutRepetitions", "IterativePermutationsWithoutRepetitions\IterativePermutationsWithoutRepetitions.csproj", "{7A53EFDF-7AFD-49B0-B2A8-C408A15A84B4}"
EndProject
Project("{9A19103F-16F7-4668-BE54-9A1E7A4F7556}") = "Snakes", "Snakes\Snakes.csproj", "{40B33E56-062B-4CBB-85AC-32E28A021FC8}"
EndProject
Project("{9A19103F-16F7-4668-BE54-9A1E7A4F7556}") = "Cubes", "Cubes\Cubes.csproj", "{CFCDD27C-B74B-456E-B87C-C927980C98EC}"
EndProject
Project("{FAE04EC0-301F-11D3-BF4B-00C04F79EFBC}") = "IterativeCombinationsWithoutRepetition", "IterativeCombinationsWithoutRepetition\IterativeCombinationsWithoutRepetition.csproj", "{5596C021-FA34-4A27-883F-337B74FB322A}"
EndProject
Project("{FAE04EC0-301F-11D3-BF4B-00C04F79EFBC}") = "IterativePermutationsWithRepetition", "IterativePermutationsWithRepetition\IterativePermutationsWithRepetition.csproj", "{745FCC87-A49C-4F3D-99A9-1115EDC0EABF}"
EndProject
Global
	GlobalSection(SolutionConfigurationPlatforms) = preSolution
		Debug|Any CPU = Debug|Any CPU
		Release|Any CPU = Release|Any CPU
	EndGlobalSection
	GlobalSection(ProjectConfigurationPlatforms) = postSolution
		{7A53EFDF-7AFD-49B0-B2A8-C408A15A84B4}.Debug|Any CPU.ActiveCfg = Debug|Any CPU
		{7A53EFDF-7AFD-49B0-B2A8-C408A15A84B4}.Debug|Any CPU.Build.0 = Debug|Any CPU
		{7A53EFDF-7AFD-49B0-B2A8-C408A15A84B4}.Release|Any CPU.ActiveCfg = Release|Any CPU
		{7A53EFDF-7AFD-49B0-B2A8-C408A15A84B4}.Release|Any CPU.Build.0 = Release|Any CPU
		{40B33E56-062B-4CBB-85AC-32E28A021FC8}.Debug|Any CPU.ActiveCfg = Debug|Any CPU
		{40B33E56-062B-4CBB-85AC-32E28A021FC8}.Debug|Any CPU.Build.0 = Debug|Any CPU
		{40B33E56-062B-4CBB-85AC-32E28A021FC8}.Release|Any CPU.ActiveCfg = Release|Any CPU
		{40B33E56-062B-4CBB-85AC-32E28A021FC8}.Release|Any CPU.Build.0 = Release|Any CPU
		{CFCDD27C-B74B-456E-B87C-C927980C98EC}.Debug|Any CPU.ActiveCfg = Debug|Any CPU
		{CFCDD27C-B74B-456E-B87C-C927980C98EC}.Debug|Any CPU.Build.0 = Debug|Any CPU
		{CFCDD27C-B74B-456E-B87C-C927980C98EC}.Release|Any CPU.ActiveCfg = Release|Any CPU
		{CFCDD27C-B74B-456E-B87C-C927980C98EC}.Release|Any CPU.Build.0 = Release|Any CPU
		{5596C021-FA34-4A27-883F-337B74FB322A}.Debug|Any CPU.ActiveCfg = Debug|Any CPU
		{5596C021-FA34-4A27-883F-337B74FB322A}.Debug|Any CPU.Build.0 = Debug|Any CPU
		{5596C021-FA34-4A27-883F-337B74FB322A}.Release|Any CPU.ActiveCfg = Release|Any CPU
		{5596C021-FA34-4A27-883F-337B74FB322A}.Release|Any CPU.Build.0 = Release|Any CPU
		{745FCC87-A49C-4F3D-99A9-1115EDC0EABF}.Debug|Any CPU.ActiveCfg = Debug|Any CPU
		{745FCC87-A49C-4F3D-99A9-1115EDC0EABF}.Debug|Any CPU.Build.0 = Debug|Any CPU
		{745FCC87-A49C-4F3D-99A9-1115EDC0EABF}.Release|Any CPU.ActiveCfg = Release|Any CPU
		{745FCC87-A49C-4F3D-99A9-1115EDC0EABF}.Release|Any CPU.Build.0 = Release|Any CPU
	EndGlobalSection
	GlobalSection(SolutionProperties) = preSolution
		HideSolutionNode = FALSE
	EndGlobalSection
	GlobalSection(ExtensibilityGlobals) = postSolution
		SolutionGuid = {DAE4159C-2FE1-4177-8036-2E649DB103CB}
	EndGlobalSection
EndGlobal
