
Microsoft Visual Studio Solution File, Format Version 12.00
# Visual Studio Version 16
VisualStudioVersion = 16.0.29409.12
MinimumVisualStudioVersion = 10.0.40219.1
Project("{9A19103F-16F7-4668-BE54-9A1E7A4F7556}") = "Elections", "Elections\Elections.csproj", "{D79F70A2-F2BB-414A-9487-CED5B6A452C3}"
EndProject
Project("{9A19103F-16F7-4668-BE54-9A1E7A4F7556}") = "SumTo13", "SumTo13\SumTo13.csproj", "{9C558CF5-054F-48BE-8ABA-7C84F60694A9}"
EndProject
Project("{9A19103F-16F7-4668-BE54-9A1E7A4F7556}") = "Lumber", "Lumber\Lumber.csproj", "{34F6DFE6-EAC1-4760-BF56-005FB194361E}"
EndProject
Project("{FAE04EC0-301F-11D3-BF4B-00C04F79EFBC}") = "StairsInCube", "StairsInCube\StairsInCube.csproj", "{62F856BD-DAA0-4979-BB5F-82920CB3ADBB}"
EndProject
Project("{FAE04EC0-301F-11D3-BF4B-00C04F79EFBC}") = "Guitar", "Guitar\Guitar.csproj", "{628A5159-EEB0-4030-A688-77A2B060D999}"
EndProject
Project("{FAE04EC0-301F-11D3-BF4B-00C04F79EFBC}") = "ShortestPath", "ShortestPath\ShortestPath.csproj", "{E7FB30AD-6139-426E-A043-B57DED4168FB}"
EndProject
Global
	GlobalSection(SolutionConfigurationPlatforms) = preSolution
		Debug|Any CPU = Debug|Any CPU
		Release|Any CPU = Release|Any CPU
	EndGlobalSection
	GlobalSection(ProjectConfigurationPlatforms) = postSolution
		{D79F70A2-F2BB-414A-9487-CED5B6A452C3}.Debug|Any CPU.ActiveCfg = Debug|Any CPU
		{D79F70A2-F2BB-414A-9487-CED5B6A452C3}.Debug|Any CPU.Build.0 = Debug|Any CPU
		{D79F70A2-F2BB-414A-9487-CED5B6A452C3}.Release|Any CPU.ActiveCfg = Release|Any CPU
		{D79F70A2-F2BB-414A-9487-CED5B6A452C3}.Release|Any CPU.Build.0 = Release|Any CPU
		{9C558CF5-054F-48BE-8ABA-7C84F60694A9}.Debug|Any CPU.ActiveCfg = Debug|Any CPU
		{9C558CF5-054F-48BE-8ABA-7C84F60694A9}.Debug|Any CPU.Build.0 = Debug|Any CPU
		{9C558CF5-054F-48BE-8ABA-7C84F60694A9}.Release|Any CPU.ActiveCfg = Release|Any CPU
		{9C558CF5-054F-48BE-8ABA-7C84F60694A9}.Release|Any CPU.Build.0 = Release|Any CPU
		{34F6DFE6-EAC1-4760-BF56-005FB194361E}.Debug|Any CPU.ActiveCfg = Debug|Any CPU
		{34F6DFE6-EAC1-4760-BF56-005FB194361E}.Debug|Any CPU.Build.0 = Debug|Any CPU
		{34F6DFE6-EAC1-4760-BF56-005FB194361E}.Release|Any CPU.ActiveCfg = Release|Any CPU
		{34F6DFE6-EAC1-4760-BF56-005FB194361E}.Release|Any CPU.Build.0 = Release|Any CPU
		{62F856BD-DAA0-4979-BB5F-82920CB3ADBB}.Debug|Any CPU.ActiveCfg = Debug|Any CPU
		{62F856BD-DAA0-4979-BB5F-82920CB3ADBB}.Debug|Any CPU.Build.0 = Debug|Any CPU
		{62F856BD-DAA0-4979-BB5F-82920CB3ADBB}.Release|Any CPU.ActiveCfg = Release|Any CPU
		{62F856BD-DAA0-4979-BB5F-82920CB3ADBB}.Release|Any CPU.Build.0 = Release|Any CPU
		{628A5159-EEB0-4030-A688-77A2B060D999}.Debug|Any CPU.ActiveCfg = Debug|Any CPU
		{628A5159-EEB0-4030-A688-77A2B060D999}.Debug|Any CPU.Build.0 = Debug|Any CPU
		{628A5159-EEB0-4030-A688-77A2B060D999}.Release|Any CPU.ActiveCfg = Release|Any CPU
		{628A5159-EEB0-4030-A688-77A2B060D999}.Release|Any CPU.Build.0 = Release|Any CPU
		{E7FB30AD-6139-426E-A043-B57DED4168FB}.Debug|Any CPU.ActiveCfg = Debug|Any CPU
		{E7FB30AD-6139-426E-A043-B57DED4168FB}.Debug|Any CPU.Build.0 = Debug|Any CPU
		{E7FB30AD-6139-426E-A043-B57DED4168FB}.Release|Any CPU.ActiveCfg = Release|Any CPU
		{E7FB30AD-6139-426E-A043-B57DED4168FB}.Release|Any CPU.Build.0 = Release|Any CPU
	EndGlobalSection
	GlobalSection(SolutionProperties) = preSolution
		HideSolutionNode = FALSE
	EndGlobalSection
	GlobalSection(ExtensibilityGlobals) = postSolution
		SolutionGuid = {4C0A5088-6F61-490E-9F18-0B54AF629CAB}
	EndGlobalSection
EndGlobal
