
Microsoft Visual Studio Solution File, Format Version 12.00
# Visual Studio Version 16
VisualStudioVersion = 16.0.29409.12
MinimumVisualStudioVersion = 10.0.40219.1
Project("{FAE04EC0-301F-11D3-BF4B-00C04F79EFBC}") = "Cinema", "Cinema\Cinema.csproj", "{CF6E49AE-EECB-4D50-924B-CD01F3485C20}"
EndProject
Project("{FAE04EC0-301F-11D3-BF4B-00C04F79EFBC}") = "WordCruncher", "WordCruncher\WordCruncher.csproj", "{1EBC4F19-8075-4390-929A-F4DFE1FB678C}"
EndProject
Project("{FAE04EC0-301F-11D3-BF4B-00C04F79EFBC}") = "WordDifferences", "WordDifferences\WordDifferences.csproj", "{E526582E-B0FF-404C-9E4C-060F144FE8E4}"
EndProject
Project("{FAE04EC0-301F-11D3-BF4B-00C04F79EFBC}") = "RoadReconstruction", "RoadReconstruction\RoadReconstruction.csproj", "{5D3D6190-9F97-4564-A5D1-D7CF86421613}"
EndProject
Global
	GlobalSection(SolutionConfigurationPlatforms) = preSolution
		Debug|Any CPU = Debug|Any CPU
		Release|Any CPU = Release|Any CPU
	EndGlobalSection
	GlobalSection(ProjectConfigurationPlatforms) = postSolution
		{CF6E49AE-EECB-4D50-924B-CD01F3485C20}.Debug|Any CPU.ActiveCfg = Debug|Any CPU
		{CF6E49AE-EECB-4D50-924B-CD01F3485C20}.Debug|Any CPU.Build.0 = Debug|Any CPU
		{CF6E49AE-EECB-4D50-924B-CD01F3485C20}.Release|Any CPU.ActiveCfg = Release|Any CPU
		{CF6E49AE-EECB-4D50-924B-CD01F3485C20}.Release|Any CPU.Build.0 = Release|Any CPU
		{1EBC4F19-8075-4390-929A-F4DFE1FB678C}.Debug|Any CPU.ActiveCfg = Debug|Any CPU
		{1EBC4F19-8075-4390-929A-F4DFE1FB678C}.Debug|Any CPU.Build.0 = Debug|Any CPU
		{1EBC4F19-8075-4390-929A-F4DFE1FB678C}.Release|Any CPU.ActiveCfg = Release|Any CPU
		{1EBC4F19-8075-4390-929A-F4DFE1FB678C}.Release|Any CPU.Build.0 = Release|Any CPU
		{E526582E-B0FF-404C-9E4C-060F144FE8E4}.Debug|Any CPU.ActiveCfg = Debug|Any CPU
		{E526582E-B0FF-404C-9E4C-060F144FE8E4}.Debug|Any CPU.Build.0 = Debug|Any CPU
		{E526582E-B0FF-404C-9E4C-060F144FE8E4}.Release|Any CPU.ActiveCfg = Release|Any CPU
		{E526582E-B0FF-404C-9E4C-060F144FE8E4}.Release|Any CPU.Build.0 = Release|Any CPU
		{5D3D6190-9F97-4564-A5D1-D7CF86421613}.Debug|Any CPU.ActiveCfg = Debug|Any CPU
		{5D3D6190-9F97-4564-A5D1-D7CF86421613}.Debug|Any CPU.Build.0 = Debug|Any CPU
		{5D3D6190-9F97-4564-A5D1-D7CF86421613}.Release|Any CPU.ActiveCfg = Release|Any CPU
		{5D3D6190-9F97-4564-A5D1-D7CF86421613}.Release|Any CPU.Build.0 = Release|Any CPU
	EndGlobalSection
	GlobalSection(SolutionProperties) = preSolution
		HideSolutionNode = FALSE
	EndGlobalSection
	GlobalSection(ExtensibilityGlobals) = postSolution
		SolutionGuid = {D85ABB9E-21FF-48B2-88DC-68FBCADA2A96}
	EndGlobalSection
EndGlobal
